
Microsoft Visual Studio Solution File, Format Version 12.00
# Visual Studio Version 16
VisualStudioVersion = 16.0.32106.194
MinimumVisualStudioVersion = 10.0.40219.1
Project("{FAE04EC0-301F-11D3-BF4B-00C04F79EFBC}") = "ProjetoAgenciaTI11T", "ProjetoAgenciaTI11T\ProjetoAgenciaTI11T.csproj", "{BBC5A89C-3AA0-44BA-82BE-CB100DFA7688}"
EndProject
Global
	GlobalSection(SolutionConfigurationPlatforms) = preSolution
		Debug|Any CPU = Debug|Any CPU
		Release|Any CPU = Release|Any CPU
	EndGlobalSection
	GlobalSection(ProjectConfigurationPlatforms) = postSolution
		{BBC5A89C-3AA0-44BA-82BE-CB100DFA7688}.Debug|Any CPU.ActiveCfg = Debug|Any CPU
		{BBC5A89C-3AA0-44BA-82BE-CB100DFA7688}.Debug|Any CPU.Build.0 = Debug|Any CPU
		{BBC5A89C-3AA0-44BA-82BE-CB100DFA7688}.Release|Any CPU.ActiveCfg = Release|Any CPU
		{BBC5A89C-3AA0-44BA-82BE-CB100DFA7688}.Release|Any CPU.Build.0 = Release|Any CPU
	EndGlobalSection
	GlobalSection(SolutionProperties) = preSolution
		HideSolutionNode = FALSE
	EndGlobalSection
	GlobalSection(ExtensibilityGlobals) = postSolution
		SolutionGuid = {37F5DFBB-A0A7-41FF-A699-59A7E38E7EFF}
	EndGlobalSection
EndGlobal
